<?xml version="1.0" encoding="utf-8"?>
<Project ToolsVersion="4.0" xmlns="http://schemas.microsoft.com/developer/msbuild/2003">
  <ItemGroup>
    <Filter Include="Diagnostics">
      <UniqueIdentifier>{4B5C6D7E-8F90-4A1B-9C2D-3E4F50617283}</UniqueIdentifier>
    </Filter>
    <Filter Include="Audio">
      <UniqueIdentifier>{5C6D7E8F-90A1-4B2C-8D3E-4F5061728394}</UniqueIdentifier>
    </Filter>
    <Filter Include="Server">
      <UniqueIdentifier>{7D4051DA-CAD4-4F62-9C70-1E3F73B3B918}</UniqueIdentifier>
    </Filter>
    <Filter Include="Settings">
      <UniqueIdentifier>{505DD325-EC8E-485C-9C90-59D704812C65}</UniqueIdentifier>
    </Filter>
  </ItemGroup>
  <ItemGroup>
    <ApplicationDefinition Include="App.xaml" />
    <Page Include="MainWindow.xaml" />
    <Page Include="Diagnostics\DiagnosticsView.xaml">
      <Filter>Diagnostics</Filter>
    </Page>
    <Page Include="Audio\AudioView.xaml">
      <Filter>Audio</Filter>
    </Page>
    <Page Include="Server\ServerView.xaml"><Filter>Server</Filter></Page>
    <Page Include="Settings\SettingsView.xaml"><Filter>Settings</Filter></Page>
  </ItemGroup>
  <ItemGroup>
    <Midl Include="MainWindow.idl" />
    <Midl Include="Diagnostics\DiagnosticsView.idl">
      <Filter>Diagnostics</Filter>
    </Midl>
    <Midl Include="Audio\AudioView.idl">
      <Filter>Audio</Filter>
    </Midl>
    <Midl Include="Server\ServerView.idl"><Filter>Server</Filter></Midl>
    <Midl Include="Settings\SettingsView.idl"><Filter>Settings</Filter></Midl>
  </ItemGroup>
  <ItemGroup>
    <ClCompile Include="pch.cpp" />
    <ClCompile Include="$(GeneratedFilesDir)module.g.cpp" />
    <ClCompile Include="MainWindow.xaml.cpp" />
    <ClCompile Include="MainWindow.Directory.cpp" />
    <ClCompile Include="Diagnostics\DiagnosticsView.xaml.cpp"><Filter>Diagnostics</Filter></ClCompile>
    <ClCompile Include="Audio\AudioView.xaml.cpp"><Filter>Audio</Filter></ClCompile>
    <ClCompile Include="Server\ServerView.xaml.cpp"><Filter>Server</Filter></ClCompile>
    <ClCompile Include="Server\ServerView.Directory.cpp"><Filter>Server</Filter></ClCompile>
    <ClCompile Include="Server\ServerView.Screen.cpp"><Filter>Server</Filter></ClCompile>
    <ClCompile Include="Server\ServerView.State.cpp"><Filter>Server</Filter></ClCompile>
    <ClCompile Include="Server\SharePicker.cpp"><Filter>Server</Filter></ClCompile>
    <ClCompile Include="Server\ServerView.Voice.cpp"><Filter>Server</Filter></ClCompile>
    <ClCompile Include="Settings\SettingsView.xaml.cpp"><Filter>Settings</Filter></ClCompile>
  </ItemGroup>
  <ItemGroup>
    <ClInclude Include="pch.h" />
    <ClInclude Include="MainWindow.xaml.h" />
    <ClInclude Include="Diagnostics\DiagnosticsView.xaml.h"><Filter>Diagnostics</Filter></ClInclude>
    <ClInclude Include="Audio\AudioView.xaml.h"><Filter>Audio</Filter></ClInclude>
    <ClInclude Include="Server\ServerView.xaml.h"><Filter>Server</Filter></ClInclude>
    <ClInclude Include="Server\ServerView.RuntimeConfig.hpp"><Filter>Server</Filter></ClInclude>
    <ClInclude Include="Settings\SettingsView.xaml.h"><Filter>Settings</Filter></ClInclude>
  </ItemGroup>
  <ItemGroup>
    <Manifest Include="app.manifest" />
    <None Include="packages.config" />
  </ItemGroup>
</Project>
